
Microsoft Visual Studio Solution File, Format Version 12.00
# Visual Studio Version 17
VisualStudioVersion = 17.9.34701.34
MinimumVisualStudioVersion = 10.0.40219.1
Project("{9A19103F-16F7-4668-BE54-9A1E7A4F7556}") = "HttpRequestReporter.API", "HttpRequestReporter\HttpRequestReporter.API.csproj", "{E6EB85B6-BE3E-4AC0-A10B-675B9F26C634}"
EndProject
Project("{9A19103F-16F7-4668-BE54-9A1E7A4F7556}") = "HttpRequestReporter.Service", "HttpRequestReporter.Service\HttpRequestReporter.Service.csproj", "{2FBAA61A-4A44-4F2D-B1C2-A57AC73CD312}"
EndProject
Project("{9A19103F-16F7-4668-BE54-9A1E7A4F7556}") = "HttpRequestReporter.Common", "HttpRequestReporter.Common\HttpRequestReporter.Common.csproj", "{37B12E01-9E05-4FDA-AB8B-7B002EE717BE}"
EndProject
Project("{FAE04EC0-301F-11D3-BF4B-00C04F79EFBC}") = "HttpRequestReporter.API.Test", "HttpRequestReporter.Test\HttpRequestReporter.API.Test.csproj", "{11F9A9F0-8DC2-4B21-B3AC-EC8080344151}"
EndProject
Project("{FAE04EC0-301F-11D3-BF4B-00C04F79EFBC}") = "HttpRequestReporter.Service.Test", "HttpRequestReporter.Service.Test\HttpRequestReporter.Service.Test.csproj", "{89043F17-F170-4596-9179-BFD178A52EEB}"
EndProject
Global
	GlobalSection(SolutionConfigurationPlatforms) = preSolution
		Debug|Any CPU = Debug|Any CPU
		Release|Any CPU = Release|Any CPU
	EndGlobalSection
	GlobalSection(ProjectConfigurationPlatforms) = postSolution
		{E6EB85B6-BE3E-4AC0-A10B-675B9F26C634}.Debug|Any CPU.ActiveCfg = Debug|Any CPU
		{E6EB85B6-BE3E-4AC0-A10B-675B9F26C634}.Debug|Any CPU.Build.0 = Debug|Any CPU
		{E6EB85B6-BE3E-4AC0-A10B-675B9F26C634}.Release|Any CPU.ActiveCfg = Release|Any CPU
		{E6EB85B6-BE3E-4AC0-A10B-675B9F26C634}.Release|Any CPU.Build.0 = Release|Any CPU
		{2FBAA61A-4A44-4F2D-B1C2-A57AC73CD312}.Debug|Any CPU.ActiveCfg = Debug|Any CPU
		{2FBAA61A-4A44-4F2D-B1C2-A57AC73CD312}.Debug|Any CPU.Build.0 = Debug|Any CPU
		{2FBAA61A-4A44-4F2D-B1C2-A57AC73CD312}.Release|Any CPU.ActiveCfg = Release|Any CPU
		{2FBAA61A-4A44-4F2D-B1C2-A57AC73CD312}.Release|Any CPU.Build.0 = Release|Any CPU
		{37B12E01-9E05-4FDA-AB8B-7B002EE717BE}.Debug|Any CPU.ActiveCfg = Debug|Any CPU
		{37B12E01-9E05-4FDA-AB8B-7B002EE717BE}.Debug|Any CPU.Build.0 = Debug|Any CPU
		{37B12E01-9E05-4FDA-AB8B-7B002EE717BE}.Release|Any CPU.ActiveCfg = Release|Any CPU
		{37B12E01-9E05-4FDA-AB8B-7B002EE717BE}.Release|Any CPU.Build.0 = Release|Any CPU
		{11F9A9F0-8DC2-4B21-B3AC-EC8080344151}.Debug|Any CPU.ActiveCfg = Debug|Any CPU
		{11F9A9F0-8DC2-4B21-B3AC-EC8080344151}.Debug|Any CPU.Build.0 = Debug|Any CPU
		{11F9A9F0-8DC2-4B21-B3AC-EC8080344151}.Release|Any CPU.ActiveCfg = Release|Any CPU
		{11F9A9F0-8DC2-4B21-B3AC-EC8080344151}.Release|Any CPU.Build.0 = Release|Any CPU
		{89043F17-F170-4596-9179-BFD178A52EEB}.Debug|Any CPU.ActiveCfg = Debug|Any CPU
		{89043F17-F170-4596-9179-BFD178A52EEB}.Debug|Any CPU.Build.0 = Debug|Any CPU
		{89043F17-F170-4596-9179-BFD178A52EEB}.Release|Any CPU.ActiveCfg = Release|Any CPU
		{89043F17-F170-4596-9179-BFD178A52EEB}.Release|Any CPU.Build.0 = Release|Any CPU
	EndGlobalSection
	GlobalSection(SolutionProperties) = preSolution
		HideSolutionNode = FALSE
	EndGlobalSection
	GlobalSection(ExtensibilityGlobals) = postSolution
		SolutionGuid = {9D0D0688-E21A-4293-B661-BCECA7ED059B}
	EndGlobalSection
EndGlobal
